// !$*UTF8*$!
{
	archiveVersion = 1;
	classes = {
	};
	objectVersion = 50;
	objects = {

/* Begin PBXBuildFile section */
		7F72B3A625FC9A3C00A61356 /* AppDelegate.swift in Sources */ = {isa = PBXBuildFile; fileRef = 7F72B3A525FC9A3C00A61356 /* AppDelegate.swift */; };
		7F72B3A825FC9A3C00A61356 /* SceneDelegate.swift in Sources */ = {isa = PBXBuildFile; fileRef = 7F72B3A725FC9A3C00A61356 /* SceneDelegate.swift */; };
		7F72B3AA25FC9A3C00A61356 /* ViewController.swift in Sources */ = {isa = PBXBuildFile; fileRef = 7F72B3A925FC9A3C00A61356 /* ViewController.swift */; };
		7F72B3AD25FC9A3C00A61356 /* Main.storyboard in Resources */ = {isa = PBXBuildFile; fileRef = 7F72B3AB25FC9A3C00A61356 /* Main.storyboard */; };
		7F72B3AF25FC9A3E00A61356 /* Assets.xcassets in Resources */ = {isa = PBXBuildFile; fileRef = 7F72B3AE25FC9A3E00A61356 /* Assets.xcassets */; };
		7F72B3B225FC9A3E00A61356 /* LaunchScreen.storyboard in Resources */ = {isa = PBXBuildFile; fileRef = 7F72B3B025FC9A3E00A61356 /* LaunchScreen.storyboard */; };
		7F72B3C125FC9A9000A61356 /* ModalViewController.swift in Sources */ = {isa = PBXBuildFile; fileRef = 7F72B3C025FC9A9000A61356 /* ModalViewController.swift */; };
		7F72B3C425FC9A9E00A61356 /* PushViewController.swift in Sources */ = {isa = PBXBuildFile; fileRef = 7F72B3C325FC9A9E00A61356 /* PushViewController.swift */; };
		7F72B3CA25FC9B7900A61356 /* Modal.storyboard in Resources */ = {isa = PBXBuildFile; fileRef = 7F72B3C925FC9B7900A61356 /* Modal.storyboard */; };
		7F72B3CD25FC9B8700A61356 /* Push.storyboard in Resources */ = {isa = PBXBuildFile; fileRef = 7F72B3CC25FC9B8700A61356 /* Push.storyboard */; };
/* End PBXBuildFile section */

/* Begin PBXFileReference section */
		7F72B3A225FC9A3C00A61356 /* LifeCycleSample.app */ = {isa = PBXFileReference; explicitFileType = wrapper.application; includeInIndex = 0; path = LifeCycleSample.app; sourceTree = BUILT_PRODUCTS_DIR; };
		7F72B3A525FC9A3C00A61356 /* AppDelegate.swift */ = {isa = PBXFileReference; lastKnownFileType = sourcecode.swift; path = AppDelegate.swift; sourceTree = "<group>"; };
		7F72B3A725FC9A3C00A61356 /* SceneDelegate.swift */ = {isa = PBXFileReference; lastKnownFileType = sourcecode.swift; path = SceneDelegate.swift; sourceTree = "<group>"; };
		7F72B3A925FC9A3C00A61356 /* ViewController.swift */ = {isa = PBXFileReference; lastKnownFileType = sourcecode.swift; path = ViewController.swift; sourceTree = "<group>"; };
		7F72B3AC25FC9A3C00A61356 /* Base */ = {isa = PBXFileReference; lastKnownFileType = file.storyboard; name = Base; path = Base.lproj/Main.storyboard; sourceTree = "<group>"; };
		7F72B3AE25FC9A3E00A61356 /* Assets.xcassets */ = {isa = PBXFileReference; lastKnownFileType = folder.assetcatalog; path = Assets.xcassets; sourceTree = "<group>"; };
		7F72B3B125FC9A3E00A61356 /* Base */ = {isa = PBXFileReference; lastKnownFileType = file.storyboard; name = Base; path = Base.lproj/LaunchScreen.storyboard; sourceTree = "<group>"; };
		7F72B3B325FC9A3E00A61356 /* Info.plist */ = {isa = PBXFileReference; lastKnownFileType = text.plist.xml; path = Info.plist; sourceTree = "<group>"; };
		7F72B3C025FC9A9000A61356 /* ModalViewController.swift */ = {isa = PBXFileReference; lastKnownFileType = sourcecode.swift; path = ModalViewController.swift; sourceTree = "<group>"; };
		7F72B3C325FC9A9E00A61356 /* PushViewController.swift */ = {isa = PBXFileReference; lastKnownFileType = sourcecode.swift; path = PushViewController.swift; sourceTree = "<group>"; };
		7F72B3C925FC9B7900A61356 /* Modal.storyboard */ = {isa = PBXFileReference; lastKnownFileType = file.storyboard; path = Modal.storyboard; sourceTree = "<group>"; };
		7F72B3CC25FC9B8700A61356 /* Push.storyboard */ = {isa = PBXFileReference; lastKnownFileType = file.storyboard; path = Push.storyboard; sourceTree = "<group>"; };
/* End PBXFileReference section */

/* Begin PBXFrameworksBuildPhase section */
		7F72B39F25FC9A3C00A61356 /* Frameworks */ = {
			isa = PBXFrameworksBuildPhase;
			buildActionMask = 2147483647;
			files = (
			);
			runOnlyForDeploymentPostprocessing = 0;
		};
/* End PBXFrameworksBuildPhase section */

/* Begin PBXGroup section */
		7F72B39925FC9A3C00A61356 = {
			isa = PBXGroup;
			children = (
				7F72B3A425FC9A3C00A61356 /* LifeCycleSample */,
				7F72B3A325FC9A3C00A61356 /* Products */,
			);
			sourceTree = "<group>";
		};
		7F72B3A325FC9A3C00A61356 /* Products */ = {
			isa = PBXGroup;
			children = (
				7F72B3A225FC9A3C00A61356 /* LifeCycleSample.app */,
			);
			name = Products;
			sourceTree = "<group>";
		};
		7F72B3A425FC9A3C00A61356 /* LifeCycleSample */ = {
			isa = PBXGroup;
			children = (
				7F72B3CF25FC9B9200A61356 /* Model */,
				7F72B3D025FC9B9B00A61356 /* View */,
				7F72B3D125FC9BA300A61356 /* Controller */,
				7F72B3A525FC9A3C00A61356 /* AppDelegate.swift */,
				7F72B3A725FC9A3C00A61356 /* SceneDelegate.swift */,
				7F72B3AE25FC9A3E00A61356 /* Assets.xcassets */,
				7F72B3B325FC9A3E00A61356 /* Info.plist */,
			);
			path = LifeCycleSample;
			sourceTree = "<group>";
		};
		7F72B3CF25FC9B9200A61356 /* Model */ = {
			isa = PBXGroup;
			children = (
			);
			path = Model;
			sourceTree = "<group>";
		};
		7F72B3D025FC9B9B00A61356 /* View */ = {
			isa = PBXGroup;
			children = (
				7F72B3AB25FC9A3C00A61356 /* Main.storyboard */,
				7F72B3CC25FC9B8700A61356 /* Push.storyboard */,
				7F72B3C925FC9B7900A61356 /* Modal.storyboard */,
				7F72B3B025FC9A3E00A61356 /* LaunchScreen.storyboard */,
			);
			path = View;
			sourceTree = "<group>";
		};
		7F72B3D125FC9BA300A61356 /* Controller */ = {
			isa = PBXGroup;
			children = (
				7F72B3A925FC9A3C00A61356 /* ViewController.swift */,
				7F72B3C025FC9A9000A61356 /* ModalViewController.swift */,
				7F72B3C325FC9A9E00A61356 /* PushViewController.swift */,
			);
			path = Controller;
			sourceTree = "<group>";
		};
/* End PBXGroup section */

/* Begin PBXNativeTarget section */
		7F72B3A125FC9A3C00A61356 /* LifeCycleSample */ = {
			isa = PBXNativeTarget;
			buildConfigurationList = 7F72B3B625FC9A3E00A61356 /* Build configuration list for PBXNativeTarget "LifeCycleSample" */;
			buildPhases = (
				7F72B39E25FC9A3C00A61356 /* Sources */,
				7F72B39F25FC9A3C00A61356 /* Frameworks */,
				7F72B3A025FC9A3C00A61356 /* Resources */,
			);
			buildRules = (
			);
			dependencies = (
			);
			name = LifeCycleSample;
			productName = LifeCycleSample;
			productReference = 7F72B3A225FC9A3C00A61356 /* LifeCycleSample.app */;
			productType = "com.apple.product-type.application";
		};
/* End PBXNativeTarget section */

/* Begin PBXProject section */
		7F72B39A25FC9A3C00A61356 /* Project object */ = {
			isa = PBXProject;
			attributes = {
				LastSwiftUpdateCheck = 1240;
				LastUpgradeCheck = 1240;
				TargetAttributes = {
					7F72B3A125FC9A3C00A61356 = {
						CreatedOnToolsVersion = 12.4;
					};
				};
			};
			buildConfigurationList = 7F72B39D25FC9A3C00A61356 /* Build configuration list for PBXProject "LifeCycleSample" */;
			compatibilityVersion = "Xcode 9.3";
			developmentRegion = en;
			hasScannedForEncodings = 0;
			knownRegions = (
				en,
				Base,
			);
			mainGroup = 7F72B39925FC9A3C00A61356;
			productRefGroup = 7F72B3A325FC9A3C00A61356 /* Products */;
			projectDirPath = "";
			projectRoot = "";
			targets = (
				7F72B3A125FC9A3C00A61356 /* LifeCycleSample */,
			);
		};
/* End PBXProject section */

/* Begin PBXResourcesBuildPhase section */
		7F72B3A025FC9A3C00A61356 /* Resources */ = {
			isa = PBXResourcesBuildPhase;
			buildActionMask = 2147483647;
			files = (
				7F72B3CA25FC9B7900A61356 /* Modal.storyboard in Resources */,
				7F72B3B225FC9A3E00A61356 /* LaunchScreen.storyboard in Resources */,
				7F72B3AF25FC9A3E00A61356 /* Assets.xcassets in Resources */,
				7F72B3CD25FC9B8700A61356 /* Push.storyboard in Resources */,
				7F72B3AD25FC9A3C00A61356 /* Main.storyboard in Resources */,
			);
			runOnlyForDeploymentPostprocessing = 0;
		};
/* End PBXResourcesBuildPhase section */

/* Begin PBXSourcesBuildPhase section */
		7F72B39E25FC9A3C00A61356 /* Sources */ = {
			isa = PBXSourcesBuildPhase;
			buildActionMask = 2147483647;
			files = (
				7F72B3C125FC9A9000A61356 /* ModalViewController.swift in Sources */,
				7F72B3AA25FC9A3C00A61356 /* ViewController.swift in Sources */,
				7F72B3A625FC9A3C00A61356 /* AppDelegate.swift in Sources */,
				7F72B3C425FC9A9E00A61356 /* PushViewController.swift in Sources */,
				7F72B3A825FC9A3C00A61356 /* SceneDelegate.swift in Sources */,
			);
			runOnlyForDeploymentPostprocessing = 0;
		};
/* End PBXSourcesBuildPhase section */

/* Begin PBXVariantGroup section */
		7F72B3AB25FC9A3C00A61356 /* Main.storyboard */ = {
			isa = PBXVariantGroup;
			children = (
				7F72B3AC25FC9A3C00A61356 /* Base */,
			);
			name = Main.storyboard;
			sourceTree = "<group>";
		};
		7F72B3B025FC9A3E00A61356 /* LaunchScreen.storyboard */ = {
			isa = PBXVariantGroup;
			children = (
				7F72B3B125FC9A3E00A61356 /* Base */,
			);
			name = LaunchScreen.storyboard;
			sourceTree = "<group>";
		};
/* End PBXVariantGroup section */

/* Begin XCBuildConfiguration section */
		7F72B3B425FC9A3E00A61356 /* Debug */ = {
			isa = XCBuildConfiguration;
			buildSettings = {
				ALWAYS_SEARCH_USER_PATHS = NO;
				CLANG_ANALYZER_NONNULL = YES;
				CLANG_ANALYZER_NUMBER_OBJECT_CONVERSION = YES_AGGRESSIVE;
				CLANG_CXX_LANGUAGE_STANDARD = "gnu++14";
				CLANG_CXX_LIBRARY = "libc++";
				CLANG_ENABLE_MODULES = YES;
				CLANG_ENABLE_OBJC_ARC = YES;
				CLANG_ENABLE_OBJC_WEAK = YES;
				CLANG_WARN_BLOCK_CAPTURE_AUTORELEASING = YES;
				CLANG_WARN_BOOL_CONVERSION = YES;
				CLANG_WARN_COMMA = YES;
				CLANG_WARN_CONSTANT_CONVERSION = YES;
				CLANG_WARN_DEPRECATED_OBJC_IMPLEMENTATIONS = YES;
				CLANG_WARN_DIRECT_OBJC_ISA_USAGE = YES_ERROR;
				CLANG_WARN_DOCUMENTATION_COMMENTS = YES;
				CLANG_WARN_EMPTY_BODY = YES;
				CLANG_WARN_ENUM_CONVERSION = YES;
				CLANG_WARN_INFINITE_RECURSION = YES;
				CLANG_WARN_INT_CONVERSION = YES;
				CLANG_WARN_NON_LITERAL_NULL_CONVERSION = YES;
				CLANG_WARN_OBJC_IMPLICIT_RETAIN_SELF = YES;
				CLANG_WARN_OBJC_LITERAL_CONVERSION = YES;
				CLANG_WARN_OBJC_ROOT_CLASS = YES_ERROR;
				CLANG_WARN_QUOTED_INCLUDE_IN_FRAMEWORK_HEADER = YES;
				CLANG_WARN_RANGE_LOOP_ANALYSIS = YES;
				CLANG_WARN_STRICT_PROTOTYPES = YES;
				CLANG_WARN_SUSPICIOUS_MOVE = YES;
				CLANG_WARN_UNGUARDED_AVAILABILITY = YES_AGGRESSIVE;
				CLANG_WARN_UNREACHABLE_CODE = YES;
				CLANG_WARN__DUPLICATE_METHOD_MATCH = YES;
				COPY_PHASE_STRIP = NO;
				DEBUG_INFORMATION_FORMAT = dwarf;
				ENABLE_STRICT_OBJC_MSGSEND = YES;
				ENABLE_TESTABILITY = YES;
				GCC_C_LANGUAGE_STANDARD = gnu11;
				GCC_DYNAMIC_NO_PIC = NO;
				GCC_NO_COMMON_BLOCKS = YES;
				GCC_OPTIMIZATION_LEVEL = 0;
				GCC_PREPROCESSOR_DEFINITIONS = (
					"DEBUG=1",
					"$(inherited)",
				);
				GCC_WARN_64_TO_32_BIT_CONVERSION = YES;
				GCC_WARN_ABOUT_RETURN_TYPE = YES_ERROR;
				GCC_WARN_UNDECLARED_SELECTOR = YES;
				GCC_WARN_UNINITIALIZED_AUTOS = YES_AGGRESSIVE;
				GCC_WARN_UNUSED_FUNCTION = YES;
				GCC_WARN_UNUSED_VARIABLE = YES;
				IPHONEOS_DEPLOYMENT_TARGET = 14.4;
				MTL_ENABLE_DEBUG_INFO = INCLUDE_SOURCE;
				MTL_FAST_MATH = YES;
				ONLY_ACTIVE_ARCH = YES;
				SDKROOT = iphoneos;
				SWIFT_ACTIVE_COMPILATION_CONDITIONS = DEBUG;
				SWIFT_OPTIMIZATION_LEVEL = "-Onone";
			};
			name = Debug;
		};
		7F72B3B525FC9A3E00A61356 /* Release */ = {
			isa = XCBuildConfiguration;
			buildSettings = {
				ALWAYS_SEARCH_USER_PATHS = NO;
				CLANG_ANALYZER_NONNULL = YES;
				CLANG_ANALYZER_NUMBER_OBJECT_CONVERSION = YES_AGGRESSIVE;
				CLANG_CXX_LANGUAGE_STANDARD = "gnu++14";
				CLANG_CXX_LIBRARY = "libc++";
				CLANG_ENABLE_MODULES = YES;
				CLANG_ENABLE_OBJC_ARC = YES;
				CLANG_ENABLE_OBJC_WEAK = YES;
				CLANG_WARN_BLOCK_CAPTURE_AUTORELEASING = YES;
				CLANG_WARN_BOOL_CONVERSION = YES;
				CLANG_WARN_COMMA = YES;
				CLANG_WARN_CONSTANT_CONVERSION = YES;
				CLANG_WARN_DEPRECATED_OBJC_IMPLEMENTATIONS = YES;
				CLANG_WARN_DIRECT_OBJC_ISA_USAGE = YES_ERROR;
				CLANG_WARN_DOCUMENTATION_COMMENTS = YES;
				CLANG_WARN_EMPTY_BODY = YES;
				CLANG_WARN_ENUM_CONVERSION = YES;
				CLANG_WARN_INFINITE_RECURSION = YES;
				CLANG_WARN_INT_CONVERSION = YES;
				CLANG_WARN_NON_LITERAL_NULL_CONVERSION = YES;
				CLANG_WARN_OBJC_IMPLICIT_RETAIN_SELF = YES;
				CLANG_WARN_OBJC_LITERAL_CONVERSION = YES;
				CLANG_WARN_OBJC_ROOT_CLASS = YES_ERROR;
				CLANG_WARN_QUOTED_INCLUDE_IN_FRAMEWORK_HEADER = YES;
				CLANG_WARN_RANGE_LOOP_ANALYSIS = YES;
				CLANG_WARN_STRICT_PROTOTYPES = YES;
				CLANG_WARN_SUSPICIOUS_MOVE = YES;
				CLANG_WARN_UNGUARDED_AVAILABILITY = YES_AGGRESSIVE;
				CLANG_WARN_UNREACHABLE_CODE = YES;
				CLANG_WARN__DUPLICATE_METHOD_MATCH = YES;
				COPY_PHASE_STRIP = NO;
				DEBUG_INFORMATION_FORMAT = "dwarf-with-dsym";
				ENABLE_NS_ASSERTIONS = NO;
				ENABLE_STRICT_OBJC_MSGSEND = YES;
				GCC_C_LANGUAGE_STANDARD = gnu11;
				GCC_NO_COMMON_BLOCKS = YES;
				GCC_WARN_64_TO_32_BIT_CONVERSION = YES;
				GCC_WARN_ABOUT_RETURN_TYPE = YES_ERROR;
				GCC_WARN_UNDECLARED_SELECTOR = YES;
				GCC_WARN_UNINITIALIZED_AUTOS = YES_AGGRESSIVE;
				GCC_WARN_UNUSED_FUNCTION = YES;
				GCC_WARN_UNUSED_VARIABLE = YES;
				IPHONEOS_DEPLOYMENT_TARGET = 14.4;
				MTL_ENABLE_DEBUG_INFO = NO;
				MTL_FAST_MATH = YES;
				SDKROOT = iphoneos;
				SWIFT_COMPILATION_MODE = wholemodule;
				SWIFT_OPTIMIZATION_LEVEL = "-O";
				VALIDATE_PRODUCT = YES;
			};
			name = Release;
		};
		7F72B3B725FC9A3E00A61356 /* Debug */ = {
			isa = XCBuildConfiguration;
			buildSettings = {
				ASSETCATALOG_COMPILER_APPICON_NAME = AppIcon;
				ASSETCATALOG_COMPILER_GLOBAL_ACCENT_COLOR_NAME = AccentColor;
				CODE_SIGN_STYLE = Automatic;
				DEVELOPMENT_TEAM = 5N9R6Y8Z38;
				INFOPLIST_FILE = LifeCycleSample/Info.plist;
				LD_RUNPATH_SEARCH_PATHS = (
					"$(inherited)",
					"@executable_path/Frameworks",
				);
				PRODUCT_BUNDLE_IDENTIFIER = Co.Muramoto.LifeCycleSample;
				PRODUCT_NAME = "$(TARGET_NAME)";
				SWIFT_VERSION = 5.0;
				TARGETED_DEVICE_FAMILY = "1,2";
			};
			name = Debug;
		};
		7F72B3B825FC9A3E00A61356 /* Release */ = {
			isa = XCBuildConfiguration;
			buildSettings = {
				ASSETCATALOG_COMPILER_APPICON_NAME = AppIcon;
				ASSETCATALOG_COMPILER_GLOBAL_ACCENT_COLOR_NAME = AccentColor;
				CODE_SIGN_STYLE = Automatic;
				DEVELOPMENT_TEAM = 5N9R6Y8Z38;
				INFOPLIST_FILE = LifeCycleSample/Info.plist;
				LD_RUNPATH_SEARCH_PATHS = (
					"$(inherited)",
					"@executable_path/Frameworks",
				);
				PRODUCT_BUNDLE_IDENTIFIER = Co.Muramoto.LifeCycleSample;
				PRODUCT_NAME = "$(TARGET_NAME)";
				SWIFT_VERSION = 5.0;
				TARGETED_DEVICE_FAMILY = "1,2";
			};
			name = Release;
		};
/* End XCBuildConfiguration section */

/* Begin XCConfigurationList section */
		7F72B39D25FC9A3C00A61356 /* Build configuration list for PBXProject "LifeCycleSample" */ = {
			isa = XCConfigurationList;
			buildConfigurations = (
				7F72B3B425FC9A3E00A61356 /* Debug */,
				7F72B3B525FC9A3E00A61356 /* Release */,
			);
			defaultConfigurationIsVisible = 0;
			defaultConfigurationName = Release;
		};
		7F72B3B625FC9A3E00A61356 /* Build configuration list for PBXNativeTarget "LifeCycleSample" */ = {
			isa = XCConfigurationList;
			buildConfigurations = (
				7F72B3B725FC9A3E00A61356 /* Debug */,
				7F72B3B825FC9A3E00A61356 /* Release */,
			);
			defaultConfigurationIsVisible = 0;
			defaultConfigurationName = Release;
		};
/* End XCConfigurationList section */
	};
	rootObject = 7F72B39A25FC9A3C00A61356 /* Project object */;
}
